// !$*UTF8*$!
{
	archiveVersion = 1;
	classes = {
	};
	objectVersion = 46;
	objects = {

/* Begin PBXBuildFile section */
		7FF25BD91F67693C001595DB /* AppDelegate.swift in Sources */ = {isa = PBXBuildFile; fileRef = 7FF25BD81F67693C001595DB /* AppDelegate.swift */; };
		7FF25BDB1F67693C001595DB /* BucketListViewController.swift in Sources */ = {isa = PBXBuildFile; fileRef = 7FF25BDA1F67693C001595DB /* BucketListViewController.swift */; };
		7FF25BDE1F67693C001595DB /* Main.storyboard in Resources */ = {isa = PBXBuildFile; fileRef = 7FF25BDC1F67693C001595DB /* Main.storyboard */; };
		7FF25BE01F67693C001595DB /* Assets.xcassets in Resources */ = {isa = PBXBuildFile; fileRef = 7FF25BDF1F67693C001595DB /* Assets.xcassets */; };
		7FF25BE31F67693C001595DB /* LaunchScreen.storyboard in Resources */ = {isa = PBXBuildFile; fileRef = 7FF25BE11F67693C001595DB /* LaunchScreen.storyboard */; };
		7FF25BEB1F689D1D001595DB /* AddItemTableViewController.swift in Sources */ = {isa = PBXBuildFile; fileRef = 7FF25BEA1F689D1D001595DB /* AddItemTableViewController.swift */; };
		7FF25BEF1F68A241001595DB /* cancelButtonDelegate.swift in Sources */ = {isa = PBXBuildFile; fileRef = 7FF25BEE1F68A241001595DB /* cancelButtonDelegate.swift */; };
		7FF25BF11F68A58F001595DB /* addbuttonDelegate.swift in Sources */ = {isa = PBXBuildFile; fileRef = 7FF25BF01F68A58F001595DB /* addbuttonDelegate.swift */; };
/* End PBXBuildFile section */

/* Begin PBXFileReference section */
		7FF25BD51F67693C001595DB /* bucketListApp.app */ = {isa = PBXFileReference; explicitFileType = wrapper.application; includeInIndex = 0; path = bucketListApp.app; sourceTree = BUILT_PRODUCTS_DIR; };
		7FF25BD81F67693C001595DB /* AppDelegate.swift */ = {isa = PBXFileReference; lastKnownFileType = sourcecode.swift; path = AppDelegate.swift; sourceTree = "<group>"; };
		7FF25BDA1F67693C001595DB /* BucketListViewController.swift */ = {isa = PBXFileReference; lastKnownFileType = sourcecode.swift; path = BucketListViewController.swift; sourceTree = "<group>"; };
		7FF25BDD1F67693C001595DB /* Base */ = {isa = PBXFileReference; lastKnownFileType = file.storyboard; name = Base; path = Base.lproj/Main.storyboard; sourceTree = "<group>"; };
		7FF25BDF1F67693C001595DB /* Assets.xcassets */ = {isa = PBXFileReference; lastKnownFileType = folder.assetcatalog; path = Assets.xcassets; sourceTree = "<group>"; };
		7FF25BE21F67693C001595DB /* Base */ = {isa = PBXFileReference; lastKnownFileType = file.storyboard; name = Base; path = Base.lproj/LaunchScreen.storyboard; sourceTree = "<group>"; };
		7FF25BE41F67693C001595DB /* Info.plist */ = {isa = PBXFileReference; lastKnownFileType = text.plist.xml; path = Info.plist; sourceTree = "<group>"; };
		7FF25BEA1F689D1D001595DB /* AddItemTableViewController.swift */ = {isa = PBXFileReference; fileEncoding = 4; lastKnownFileType = sourcecode.swift; path = AddItemTableViewController.swift; sourceTree = "<group>"; };
		7FF25BEE1F68A241001595DB /* cancelButtonDelegate.swift */ = {isa = PBXFileReference; fileEncoding = 4; lastKnownFileType = sourcecode.swift; path = cancelButtonDelegate.swift; sourceTree = "<group>"; };
		7FF25BF01F68A58F001595DB /* addbuttonDelegate.swift */ = {isa = PBXFileReference; fileEncoding = 4; lastKnownFileType = sourcecode.swift; path = addbuttonDelegate.swift; sourceTree = "<group>"; };
/* End PBXFileReference section */

/* Begin PBXFrameworksBuildPhase section */
		7FF25BD21F67693C001595DB /* Frameworks */ = {
			isa = PBXFrameworksBuildPhase;
			buildActionMask = 2147483647;
			files = (
			);
			runOnlyForDeploymentPostprocessing = 0;
		};
/* End PBXFrameworksBuildPhase section */

/* Begin PBXGroup section */
		7FF25BCC1F67693C001595DB = {
			isa = PBXGroup;
			children = (
				7FF25BD71F67693C001595DB /* bucketListApp */,
				7FF25BD61F67693C001595DB /* Products */,
			);
			sourceTree = "<group>";
		};
		7FF25BD61F67693C001595DB /* Products */ = {
			isa = PBXGroup;
			children = (
				7FF25BD51F67693C001595DB /* bucketListApp.app */,
			);
			name = Products;
			sourceTree = "<group>";
		};
		7FF25BD71F67693C001595DB /* bucketListApp */ = {
			isa = PBXGroup;
			children = (
				7FF25BD81F67693C001595DB /* AppDelegate.swift */,
				7FF25BDA1F67693C001595DB /* BucketListViewController.swift */,
				7FF25BF01F68A58F001595DB /* addbuttonDelegate.swift */,
				7FF25BDC1F67693C001595DB /* Main.storyboard */,
				7FF25BEA1F689D1D001595DB /* AddItemTableViewController.swift */,
				7FF25BEE1F68A241001595DB /* cancelButtonDelegate.swift */,
				7FF25BDF1F67693C001595DB /* Assets.xcassets */,
				7FF25BE11F67693C001595DB /* LaunchScreen.storyboard */,
				7FF25BE41F67693C001595DB /* Info.plist */,
			);
			path = bucketListApp;
			sourceTree = "<group>";
		};
/* End PBXGroup section */

/* Begin PBXNativeTarget section */
		7FF25BD41F67693C001595DB /* bucketListApp */ = {
			isa = PBXNativeTarget;
			buildConfigurationList = 7FF25BE71F67693C001595DB /* Build configuration list for PBXNativeTarget "bucketListApp" */;
			buildPhases = (
				7FF25BD11F67693C001595DB /* Sources */,
				7FF25BD21F67693C001595DB /* Frameworks */,
				7FF25BD31F67693C001595DB /* Resources */,
			);
			buildRules = (
			);
			dependencies = (
			);
			name = bucketListApp;
			productName = bucketListApp;
			productReference = 7FF25BD51F67693C001595DB /* bucketListApp.app */;
			productType = "com.apple.product-type.application";
		};
/* End PBXNativeTarget section */

/* Begin PBXProject section */
		7FF25BCD1F67693C001595DB /* Project object */ = {
			isa = PBXProject;
			attributes = {
				LastSwiftUpdateCheck = 0830;
				LastUpgradeCheck = 0830;
				ORGANIZATIONNAME = "Liseth Cardozo Sejas";
				TargetAttributes = {
					7FF25BD41F67693C001595DB = {
						CreatedOnToolsVersion = 8.3.2;
						DevelopmentTeam = D7KZ9K6582;
						ProvisioningStyle = Automatic;
					};
				};
			};
			buildConfigurationList = 7FF25BD01F67693C001595DB /* Build configuration list for PBXProject "bucketListApp" */;
			compatibilityVersion = "Xcode 3.2";
			developmentRegion = English;
			hasScannedForEncodings = 0;
			knownRegions = (
				en,
				Base,
			);
			mainGroup = 7FF25BCC1F67693C001595DB;
			productRefGroup = 7FF25BD61F67693C001595DB /* Products */;
			projectDirPath = "";
			projectRoot = "";
			targets = (
				7FF25BD41F67693C001595DB /* bucketListApp */,
			);
		};
/* End PBXProject section */

/* Begin PBXResourcesBuildPhase section */
		7FF25BD31F67693C001595DB /* Resources */ = {
			isa = PBXResourcesBuildPhase;
			buildActionMask = 2147483647;
			files = (
				7FF25BE31F67693C001595DB /* LaunchScreen.storyboard in Resources */,
				7FF25BE01F67693C001595DB /* Assets.xcassets in Resources */,
				7FF25BDE1F67693C001595DB /* Main.storyboard in Resources */,
			);
			runOnlyForDeploymentPostprocessing = 0;
		};
/* End PBXResourcesBuildPhase section */

/* Begin PBXSourcesBuildPhase section */
		7FF25BD11F67693C001595DB /* Sources */ = {
			isa = PBXSourcesBuildPhase;
			buildActionMask = 2147483647;
			files = (
				7FF25BF11F68A58F001595DB /* addbuttonDelegate.swift in Sources */,
				7FF25BDB1F67693C001595DB /* BucketListViewController.swift in Sources */,
				7FF25BEF1F68A241001595DB /* cancelButtonDelegate.swift in Sources */,
				7FF25BEB1F689D1D001595DB /* AddItemTableViewController.swift in Sources */,
				7FF25BD91F67693C001595DB /* AppDelegate.swift in Sources */,
			);
			runOnlyForDeploymentPostprocessing = 0;
		};
/* End PBXSourcesBuildPhase section */

/* Begin PBXVariantGroup section */
		7FF25BDC1F67693C001595DB /* Main.storyboard */ = {
			isa = PBXVariantGroup;
			children = (
				7FF25BDD1F67693C001595DB /* Base */,
			);
			name = Main.storyboard;
			sourceTree = "<group>";
		};
		7FF25BE11F67693C001595DB /* LaunchScreen.storyboard */ = {
			isa = PBXVariantGroup;
			children = (
				7FF25BE21F67693C001595DB /* Base */,
			);
			name = LaunchScreen.storyboard;
			sourceTree = "<group>";
		};
/* End PBXVariantGroup section */

/* Begin XCBuildConfiguration section */
		7FF25BE51F67693C001595DB /* Debug */ = {
			isa = XCBuildConfiguration;
			buildSettings = {
				ALWAYS_SEARCH_USER_PATHS = NO;
				CLANG_ANALYZER_NONNULL = YES;
				CLANG_ANALYZER_NUMBER_OBJECT_CONVERSION = YES_AGGRESSIVE;
				CLANG_CXX_LANGUAGE_STANDARD = "gnu++0x";
				CLANG_CXX_LIBRARY = "libc++";
				CLANG_ENABLE_MODULES = YES;
				CLANG_ENABLE_OBJC_ARC = YES;
				CLANG_WARN_BOOL_CONVERSION = YES;
				CLANG_WARN_CONSTANT_CONVERSION = YES;
				CLANG_WARN_DIRECT_OBJC_ISA_USAGE = YES_ERROR;
				CLANG_WARN_DOCUMENTATION_COMMENTS = YES;
				CLANG_WARN_EMPTY_BODY = YES;
				CLANG_WARN_ENUM_CONVERSION = YES;
				CLANG_WARN_INFINITE_RECURSION = YES;
				CLANG_WARN_INT_CONVERSION = YES;
				CLANG_WARN_OBJC_ROOT_CLASS = YES_ERROR;
				CLANG_WARN_SUSPICIOUS_MOVE = YES;
				CLANG_WARN_UNREACHABLE_CODE = YES;
				CLANG_WARN__DUPLICATE_METHOD_MATCH = YES;
				"CODE_SIGN_IDENTITY[sdk=iphoneos*]" = "iPhone Developer";
				COPY_PHASE_STRIP = NO;
				DEBUG_INFORMATION_FORMAT = dwarf;
				ENABLE_STRICT_OBJC_MSGSEND = YES;
				ENABLE_TESTABILITY = YES;
				GCC_C_LANGUAGE_STANDARD = gnu99;
				GCC_DYNAMIC_NO_PIC = NO;
				GCC_NO_COMMON_BLOCKS = YES;
				GCC_OPTIMIZATION_LEVEL = 0;
				GCC_PREPROCESSOR_DEFINITIONS = (
					"DEBUG=1",
					"$(inherited)",
				);
				GCC_WARN_64_TO_32_BIT_CONVERSION = YES;
				GCC_WARN_ABOUT_RETURN_TYPE = YES_ERROR;
				GCC_WARN_UNDECLARED_SELECTOR = YES;
				GCC_WARN_UNINITIALIZED_AUTOS = YES_AGGRESSIVE;
				GCC_WARN_UNUSED_FUNCTION = YES;
				GCC_WARN_UNUSED_VARIABLE = YES;
				IPHONEOS_DEPLOYMENT_TARGET = 10.3;
				MTL_ENABLE_DEBUG_INFO = YES;
				ONLY_ACTIVE_ARCH = YES;
				SDKROOT = iphoneos;
				SWIFT_ACTIVE_COMPILATION_CONDITIONS = DEBUG;
				SWIFT_OPTIMIZATION_LEVEL = "-Onone";
				TARGETED_DEVICE_FAMILY = "1,2";
			};
			name = Debug;
		};
		7FF25BE61F67693C001595DB /* Release */ = {
			isa = XCBuildConfiguration;
			buildSettings = {
				ALWAYS_SEARCH_USER_PATHS = NO;
				CLANG_ANALYZER_NONNULL = YES;
				CLANG_ANALYZER_NUMBER_OBJECT_CONVERSION = YES_AGGRESSIVE;
				CLANG_CXX_LANGUAGE_STANDARD = "gnu++0x";
				CLANG_CXX_LIBRARY = "libc++";
				CLANG_ENABLE_MODULES = YES;
				CLANG_ENABLE_OBJC_ARC = YES;
				CLANG_WARN_BOOL_CONVERSION = YES;
				CLANG_WARN_CONSTANT_CONVERSION = YES;
				CLANG_WARN_DIRECT_OBJC_ISA_USAGE = YES_ERROR;
				CLANG_WARN_DOCUMENTATION_COMMENTS = YES;
				CLANG_WARN_EMPTY_BODY = YES;
				CLANG_WARN_ENUM_CONVERSION = YES;
				CLANG_WARN_INFINITE_RECURSION = YES;
				CLANG_WARN_INT_CONVERSION = YES;
				CLANG_WARN_OBJC_ROOT_CLASS = YES_ERROR;
				CLANG_WARN_SUSPICIOUS_MOVE = YES;
				CLANG_WARN_UNREACHABLE_CODE = YES;
				CLANG_WARN__DUPLICATE_METHOD_MATCH = YES;
				"CODE_SIGN_IDENTITY[sdk=iphoneos*]" = "iPhone Developer";
				COPY_PHASE_STRIP = NO;
				DEBUG_INFORMATION_FORMAT = "dwarf-with-dsym";
				ENABLE_NS_ASSERTIONS = NO;
				ENABLE_STRICT_OBJC_MSGSEND = YES;
				GCC_C_LANGUAGE_STANDARD = gnu99;
				GCC_NO_COMMON_BLOCKS = YES;
				GCC_WARN_64_TO_32_BIT_CONVERSION = YES;
				GCC_WARN_ABOUT_RETURN_TYPE = YES_ERROR;
				GCC_WARN_UNDECLARED_SELECTOR = YES;
				GCC_WARN_UNINITIALIZED_AUTOS = YES_AGGRESSIVE;
				GCC_WARN_UNUSED_FUNCTION = YES;
				GCC_WARN_UNUSED_VARIABLE = YES;
				IPHONEOS_DEPLOYMENT_TARGET = 10.3;
				MTL_ENABLE_DEBUG_INFO = NO;
				SDKROOT = iphoneos;
				SWIFT_OPTIMIZATION_LEVEL = "-Owholemodule";
				TARGETED_DEVICE_FAMILY = "1,2";
				VALIDATE_PRODUCT = YES;
			};
			name = Release;
		};
		7FF25BE81F67693C001595DB /* Debug */ = {
			isa = XCBuildConfiguration;
			buildSettings = {
				ASSETCATALOG_COMPILER_APPICON_NAME = AppIcon;
				DEVELOPMENT_TEAM = D7KZ9K6582;
				INFOPLIST_FILE = bucketListApp/Info.plist;
				LD_RUNPATH_SEARCH_PATHS = "$(inherited) @executable_path/Frameworks";
				PRODUCT_BUNDLE_IDENTIFIER = com.LisCardozo.bucketListApp;
				PRODUCT_NAME = "$(TARGET_NAME)";
				SWIFT_VERSION = 3.0;
			};
			name = Debug;
		};
		7FF25BE91F67693C001595DB /* Release */ = {
			isa = XCBuildConfiguration;
			buildSettings = {
				ASSETCATALOG_COMPILER_APPICON_NAME = AppIcon;
				DEVELOPMENT_TEAM = D7KZ9K6582;
				INFOPLIST_FILE = bucketListApp/Info.plist;
				LD_RUNPATH_SEARCH_PATHS = "$(inherited) @executable_path/Frameworks";
				PRODUCT_BUNDLE_IDENTIFIER = com.LisCardozo.bucketListApp;
				PRODUCT_NAME = "$(TARGET_NAME)";
				SWIFT_VERSION = 3.0;
			};
			name = Release;
		};
/* End XCBuildConfiguration section */

/* Begin XCConfigurationList section */
		7FF25BD01F67693C001595DB /* Build configuration list for PBXProject "bucketListApp" */ = {
			isa = XCConfigurationList;
			buildConfigurations = (
				7FF25BE51F67693C001595DB /* Debug */,
				7FF25BE61F67693C001595DB /* Release */,
			);
			defaultConfigurationIsVisible = 0;
			defaultConfigurationName = Release;
		};
		7FF25BE71F67693C001595DB /* Build configuration list for PBXNativeTarget "bucketListApp" */ = {
			isa = XCConfigurationList;
			buildConfigurations = (
				7FF25BE81F67693C001595DB /* Debug */,
				7FF25BE91F67693C001595DB /* Release */,
			);
			defaultConfigurationIsVisible = 0;
			defaultConfigurationName = Release;
		};
/* End XCConfigurationList section */
	};
	rootObject = 7FF25BCD1F67693C001595DB /* Project object */;
}
